// !$*UTF8*$!
{
	archiveVersion = 1;
	classes = {
	};
	objectVersion = 46;
	objects = {

/* Begin PBXBuildFile section */
		5BC609BD1B2CB9AC002F162C /* AppDelegate.swift in Sources */ = {isa = PBXBuildFile; fileRef = 5BC609BC1B2CB9AC002F162C /* AppDelegate.swift */; };
		5BC609BF1B2CB9AC002F162C /* ViewController.swift in Sources */ = {isa = PBXBuildFile; fileRef = 5BC609BE1B2CB9AC002F162C /* ViewController.swift */; };
		5BC609C21B2CB9AC002F162C /* Main.storyboard in Resources */ = {isa = PBXBuildFile; fileRef = 5BC609C01B2CB9AC002F162C /* Main.storyboard */; };
		5BC609C41B2CB9AC002F162C /* Images.xcassets in Resources */ = {isa = PBXBuildFile; fileRef = 5BC609C31B2CB9AC002F162C /* Images.xcassets */; };
		5BC609C71B2CB9AC002F162C /* LaunchScreen.xib in Resources */ = {isa = PBXBuildFile; fileRef = 5BC609C51B2CB9AC002F162C /* LaunchScreen.xib */; };
		5BC609D31B2CB9AC002F162C /* HelloCocoaTests.swift in Sources */ = {isa = PBXBuildFile; fileRef = 5BC609D21B2CB9AC002F162C /* HelloCocoaTests.swift */; };
/* End PBXBuildFile section */

/* Begin PBXContainerItemProxy section */
		5BC609CD1B2CB9AC002F162C /* PBXContainerItemProxy */ = {
			isa = PBXContainerItemProxy;
			containerPortal = 5BC609AF1B2CB9AC002F162C /* Project object */;
			proxyType = 1;
			remoteGlobalIDString = 5BC609B61B2CB9AC002F162C;
			remoteInfo = HelloCocoa;
		};
/* End PBXContainerItemProxy section */

/* Begin PBXFileReference section */
		5BC609B71B2CB9AC002F162C /* HelloCocoa.app */ = {isa = PBXFileReference; explicitFileType = wrapper.application; includeInIndex = 0; path = HelloCocoa.app; sourceTree = BUILT_PRODUCTS_DIR; };
		5BC609BB1B2CB9AC002F162C /* Info.plist */ = {isa = PBXFileReference; lastKnownFileType = text.plist.xml; path = Info.plist; sourceTree = "<group>"; };
		5BC609BC1B2CB9AC002F162C /* AppDelegate.swift */ = {isa = PBXFileReference; lastKnownFileType = sourcecode.swift; path = AppDelegate.swift; sourceTree = "<group>"; };
		5BC609BE1B2CB9AC002F162C /* ViewController.swift */ = {isa = PBXFileReference; lastKnownFileType = sourcecode.swift; path = ViewController.swift; sourceTree = "<group>"; };
		5BC609C11B2CB9AC002F162C /* Base */ = {isa = PBXFileReference; lastKnownFileType = file.storyboard; name = Base; path = Base.lproj/Main.storyboard; sourceTree = "<group>"; };
		5BC609C31B2CB9AC002F162C /* Images.xcassets */ = {isa = PBXFileReference; lastKnownFileType = folder.assetcatalog; path = Images.xcassets; sourceTree = "<group>"; };
		5BC609C61B2CB9AC002F162C /* Base */ = {isa = PBXFileReference; lastKnownFileType = file.xib; name = Base; path = Base.lproj/LaunchScreen.xib; sourceTree = "<group>"; };
		5BC609CC1B2CB9AC002F162C /* HelloCocoaTests.xctest */ = {isa = PBXFileReference; explicitFileType = wrapper.cfbundle; includeInIndex = 0; path = HelloCocoaTests.xctest; sourceTree = BUILT_PRODUCTS_DIR; };
		5BC609D11B2CB9AC002F162C /* Info.plist */ = {isa = PBXFileReference; lastKnownFileType = text.plist.xml; path = Info.plist; sourceTree = "<group>"; };
		5BC609D21B2CB9AC002F162C /* HelloCocoaTests.swift */ = {isa = PBXFileReference; lastKnownFileType = sourcecode.swift; path = HelloCocoaTests.swift; sourceTree = "<group>"; };
/* End PBXFileReference section */

/* Begin PBXFrameworksBuildPhase section */
		5BC609B41B2CB9AC002F162C /* Frameworks */ = {
			isa = PBXFrameworksBuildPhase;
			buildActionMask = 2147483647;
			files = (
			);
			runOnlyForDeploymentPostprocessing = 0;
		};
		5BC609C91B2CB9AC002F162C /* Frameworks */ = {
			isa = PBXFrameworksBuildPhase;
			buildActionMask = 2147483647;
			files = (
			);
			runOnlyForDeploymentPostprocessing = 0;
		};
/* End PBXFrameworksBuildPhase section */

/* Begin PBXGroup section */
		5BC609AE1B2CB9AC002F162C = {
			isa = PBXGroup;
			children = (
				5BC609B91B2CB9AC002F162C /* HelloCocoa */,
				5BC609CF1B2CB9AC002F162C /* HelloCocoaTests */,
				5BC609B81B2CB9AC002F162C /* Products */,
			);
			sourceTree = "<group>";
		};
		5BC609B81B2CB9AC002F162C /* Products */ = {
			isa = PBXGroup;
			children = (
				5BC609B71B2CB9AC002F162C /* HelloCocoa.app */,
				5BC609CC1B2CB9AC002F162C /* HelloCocoaTests.xctest */,
			);
			name = Products;
			sourceTree = "<group>";
		};
		5BC609B91B2CB9AC002F162C /* HelloCocoa */ = {
			isa = PBXGroup;
			children = (
				5BC609BC1B2CB9AC002F162C /* AppDelegate.swift */,
				5BC609BE1B2CB9AC002F162C /* ViewController.swift */,
				5BC609C01B2CB9AC002F162C /* Main.storyboard */,
				5BC609C31B2CB9AC002F162C /* Images.xcassets */,
				5BC609C51B2CB9AC002F162C /* LaunchScreen.xib */,
				5BC609BA1B2CB9AC002F162C /* Supporting Files */,
			);
			path = HelloCocoa;
			sourceTree = "<group>";
		};
		5BC609BA1B2CB9AC002F162C /* Supporting Files */ = {
			isa = PBXGroup;
			children = (
				5BC609BB1B2CB9AC002F162C /* Info.plist */,
			);
			name = "Supporting Files";
			sourceTree = "<group>";
		};
		5BC609CF1B2CB9AC002F162C /* HelloCocoaTests */ = {
			isa = PBXGroup;
			children = (
				5BC609D21B2CB9AC002F162C /* HelloCocoaTests.swift */,
				5BC609D01B2CB9AC002F162C /* Supporting Files */,
			);
			path = HelloCocoaTests;
			sourceTree = "<group>";
		};
		5BC609D01B2CB9AC002F162C /* Supporting Files */ = {
			isa = PBXGroup;
			children = (
				5BC609D11B2CB9AC002F162C /* Info.plist */,
			);
			name = "Supporting Files";
			sourceTree = "<group>";
		};
/* End PBXGroup section */

/* Begin PBXNativeTarget section */
		5BC609B61B2CB9AC002F162C /* HelloCocoa */ = {
			isa = PBXNativeTarget;
			buildConfigurationList = 5BC609D61B2CB9AC002F162C /* Build configuration list for PBXNativeTarget "HelloCocoa" */;
			buildPhases = (
				5BC609B31B2CB9AC002F162C /* Sources */,
				5BC609B41B2CB9AC002F162C /* Frameworks */,
				5BC609B51B2CB9AC002F162C /* Resources */,
			);
			buildRules = (
			);
			dependencies = (
			);
			name = HelloCocoa;
			productName = HelloCocoa;
			productReference = 5BC609B71B2CB9AC002F162C /* HelloCocoa.app */;
			productType = "com.apple.product-type.application";
		};
		5BC609CB1B2CB9AC002F162C /* HelloCocoaTests */ = {
			isa = PBXNativeTarget;
			buildConfigurationList = 5BC609D91B2CB9AC002F162C /* Build configuration list for PBXNativeTarget "HelloCocoaTests" */;
			buildPhases = (
				5BC609C81B2CB9AC002F162C /* Sources */,
				5BC609C91B2CB9AC002F162C /* Frameworks */,
				5BC609CA1B2CB9AC002F162C /* Resources */,
			);
			buildRules = (
			);
			dependencies = (
				5BC609CE1B2CB9AC002F162C /* PBXTargetDependency */,
			);
			name = HelloCocoaTests;
			productName = HelloCocoaTests;
			productReference = 5BC609CC1B2CB9AC002F162C /* HelloCocoaTests.xctest */;
			productType = "com.apple.product-type.bundle.unit-test";
		};
/* End PBXNativeTarget section */

/* Begin PBXProject section */
		5BC609AF1B2CB9AC002F162C /* Project object */ = {
			isa = PBXProject;
			attributes = {
				LastSwiftUpdateCheck = 0730;
				LastUpgradeCheck = 0630;
				ORGANIZATIONNAME = "Alastair McCann";
				TargetAttributes = {
					5BC609B61B2CB9AC002F162C = {
						CreatedOnToolsVersion = 6.3.2;
					};
					5BC609CB1B2CB9AC002F162C = {
						CreatedOnToolsVersion = 6.3.2;
						TestTargetID = 5BC609B61B2CB9AC002F162C;
					};
				};
			};
			buildConfigurationList = 5BC609B21B2CB9AC002F162C /* Build configuration list for PBXProject "HelloCocoa" */;
			compatibilityVersion = "Xcode 3.2";
			developmentRegion = English;
			hasScannedForEncodings = 0;
			knownRegions = (
				en,
				Base,
			);
			mainGroup = 5BC609AE1B2CB9AC002F162C;
			productRefGroup = 5BC609B81B2CB9AC002F162C /* Products */;
			projectDirPath = "";
			projectRoot = "";
			targets = (
				5BC609B61B2CB9AC002F162C /* HelloCocoa */,
				5BC609CB1B2CB9AC002F162C /* HelloCocoaTests */,
			);
		};
/* End PBXProject section */

/* Begin PBXResourcesBuildPhase section */
		5BC609B51B2CB9AC002F162C /* Resources */ = {
			isa = PBXResourcesBuildPhase;
			buildActionMask = 2147483647;
			files = (
				5BC609C21B2CB9AC002F162C /* Main.storyboard in Resources */,
				5BC609C71B2CB9AC002F162C /* LaunchScreen.xib in Resources */,
				5BC609C41B2CB9AC002F162C /* Images.xcassets in Resources */,
			);
			runOnlyForDeploymentPostprocessing = 0;
		};
		5BC609CA1B2CB9AC002F162C /* Resources */ = {
			isa = PBXResourcesBuildPhase;
			buildActionMask = 2147483647;
			files = (
			);
			runOnlyForDeploymentPostprocessing = 0;
		};
/* End PBXResourcesBuildPhase section */

/* Begin PBXSourcesBuildPhase section */
		5BC609B31B2CB9AC002F162C /* Sources */ = {
			isa = PBXSourcesBuildPhase;
			buildActionMask = 2147483647;
			files = (
				5BC609BF1B2CB9AC002F162C /* ViewController.swift in Sources */,
				5BC609BD1B2CB9AC002F162C /* AppDelegate.swift in Sources */,
			);
			runOnlyForDeploymentPostprocessing = 0;
		};
		5BC609C81B2CB9AC002F162C /* Sources */ = {
			isa = PBXSourcesBuildPhase;
			buildActionMask = 2147483647;
			files = (
				5BC609D31B2CB9AC002F162C /* HelloCocoaTests.swift in Sources */,
			);
			runOnlyForDeploymentPostprocessing = 0;
		};
/* End PBXSourcesBuildPhase section */

/* Begin PBXTargetDependency section */
		5BC609CE1B2CB9AC002F162C /* PBXTargetDependency */ = {
			isa = PBXTargetDependency;
			target = 5BC609B61B2CB9AC002F162C /* HelloCocoa */;
			targetProxy = 5BC609CD1B2CB9AC002F162C /* PBXContainerItemProxy */;
		};
/* End PBXTargetDependency section */

/* Begin PBXVariantGroup section */
		5BC609C01B2CB9AC002F162C /* Main.storyboard */ = {
			isa = PBXVariantGroup;
			children = (
				5BC609C11B2CB9AC002F162C /* Base */,
			);
			name = Main.storyboard;
			sourceTree = "<group>";
		};
		5BC609C51B2CB9AC002F162C /* LaunchScreen.xib */ = {
			isa = PBXVariantGroup;
			children = (
				5BC609C61B2CB9AC002F162C /* Base */,
			);
			name = LaunchScreen.xib;
			sourceTree = "<group>";
		};
/* End PBXVariantGroup section */

/* Begin XCBuildConfiguration section */
		5BC609D41B2CB9AC002F162C /* Debug */ = {
			isa = XCBuildConfiguration;
			buildSettings = {
				ALWAYS_SEARCH_USER_PATHS = NO;
				CLANG_CXX_LANGUAGE_STANDARD = "gnu++0x";
				CLANG_CXX_LIBRARY = "libc++";
				CLANG_ENABLE_MODULES = YES;
				CLANG_ENABLE_OBJC_ARC = YES;
				CLANG_WARN_BOOL_CONVERSION = YES;
				CLANG_WARN_CONSTANT_CONVERSION = YES;
				CLANG_WARN_DIRECT_OBJC_ISA_USAGE = YES_ERROR;
				CLANG_WARN_EMPTY_BODY = YES;
				CLANG_WARN_ENUM_CONVERSION = YES;
				CLANG_WARN_INT_CONVERSION = YES;
				CLANG_WARN_OBJC_ROOT_CLASS = YES_ERROR;
				CLANG_WARN_UNREACHABLE_CODE = YES;
				CLANG_WARN__DUPLICATE_METHOD_MATCH = YES;
				"CODE_SIGN_IDENTITY[sdk=iphoneos*]" = "iPhone Developer";
				COPY_PHASE_STRIP = NO;
				DEBUG_INFORMATION_FORMAT = "dwarf-with-dsym";
				ENABLE_STRICT_OBJC_MSGSEND = YES;
				GCC_C_LANGUAGE_STANDARD = gnu99;
				GCC_DYNAMIC_NO_PIC = NO;
				GCC_NO_COMMON_BLOCKS = YES;
				GCC_OPTIMIZATION_LEVEL = 0;
				GCC_PREPROCESSOR_DEFINITIONS = (
					"DEBUG=1",
					"$(inherited)",
				);
				GCC_SYMBOLS_PRIVATE_EXTERN = NO;
				GCC_WARN_64_TO_32_BIT_CONVERSION = YES;
				GCC_WARN_ABOUT_RETURN_TYPE = YES_ERROR;
				GCC_WARN_UNDECLARED_SELECTOR = YES;
				GCC_WARN_UNINITIALIZED_AUTOS = YES_AGGRESSIVE;
				GCC_WARN_UNUSED_FUNCTION = YES;
				GCC_WARN_UNUSED_VARIABLE = YES;
				IPHONEOS_DEPLOYMENT_TARGET = 8.3;
				MTL_ENABLE_DEBUG_INFO = YES;
				ONLY_ACTIVE_ARCH = YES;
				SDKROOT = iphoneos;
				SWIFT_OPTIMIZATION_LEVEL = "-Onone";
			};
			name = Debug;
		};
		5BC609D51B2CB9AC002F162C /* Release */ = {
			isa = XCBuildConfiguration;
			buildSettings = {
				ALWAYS_SEARCH_USER_PATHS = NO;
				CLANG_CXX_LANGUAGE_STANDARD = "gnu++0x";
				CLANG_CXX_LIBRARY = "libc++";
				CLANG_ENABLE_MODULES = YES;
				CLANG_ENABLE_OBJC_ARC = YES;
				CLANG_WARN_BOOL_CONVERSION = YES;
				CLANG_WARN_CONSTANT_CONVERSION = YES;
				CLANG_WARN_DIRECT_OBJC_ISA_USAGE = YES_ERROR;
				CLANG_WARN_EMPTY_BODY = YES;
				CLANG_WARN_ENUM_CONVERSION = YES;
				CLANG_WARN_INT_CONVERSION = YES;
				CLANG_WARN_OBJC_ROOT_CLASS = YES_ERROR;
				CLANG_WARN_UNREACHABLE_CODE = YES;
				CLANG_WARN__DUPLICATE_METHOD_MATCH = YES;
				"CODE_SIGN_IDENTITY[sdk=iphoneos*]" = "iPhone Developer";
				COPY_PHASE_STRIP = NO;
				DEBUG_INFORMATION_FORMAT = "dwarf-with-dsym";
				ENABLE_NS_ASSERTIONS = NO;
				ENABLE_STRICT_OBJC_MSGSEND = YES;
				GCC_C_LANGUAGE_STANDARD = gnu99;
				GCC_NO_COMMON_BLOCKS = YES;
				GCC_WARN_64_TO_32_BIT_CONVERSION = YES;
				GCC_WARN_ABOUT_RETURN_TYPE = YES_ERROR;
				GCC_WARN_UNDECLARED_SELECTOR = YES;
				GCC_WARN_UNINITIALIZED_AUTOS = YES_AGGRESSIVE;
				GCC_WARN_UNUSED_FUNCTION = YES;
				GCC_WARN_UNUSED_VARIABLE = YES;
				IPHONEOS_DEPLOYMENT_TARGET = 8.3;
				MTL_ENABLE_DEBUG_INFO = NO;
				SDKROOT = iphoneos;
				VALIDATE_PRODUCT = YES;
			};
			name = Release;
		};
		5BC609D71B2CB9AC002F162C /* Debug */ = {
			isa = XCBuildConfiguration;
			buildSettings = {
				ASSETCATALOG_COMPILER_APPICON_NAME = AppIcon;
				INFOPLIST_FILE = HelloCocoa/Info.plist;
				LD_RUNPATH_SEARCH_PATHS = "$(inherited) @executable_path/Frameworks";
				PRODUCT_NAME = "$(TARGET_NAME)";
			};
			name = Debug;
		};
		5BC609D81B2CB9AC002F162C /* Release */ = {
			isa = XCBuildConfiguration;
			buildSettings = {
				ASSETCATALOG_COMPILER_APPICON_NAME = AppIcon;
				INFOPLIST_FILE = HelloCocoa/Info.plist;
				LD_RUNPATH_SEARCH_PATHS = "$(inherited) @executable_path/Frameworks";
				PRODUCT_NAME = "$(TARGET_NAME)";
			};
			name = Release;
		};
		5BC609DA1B2CB9AC002F162C /* Debug */ = {
			isa = XCBuildConfiguration;
			buildSettings = {
				BUNDLE_LOADER = "$(TEST_HOST)";
				FRAMEWORK_SEARCH_PATHS = (
					"$(SDKROOT)/Developer/Library/Frameworks",
					"$(inherited)",
				);
				GCC_PREPROCESSOR_DEFINITIONS = (
					"DEBUG=1",
					"$(inherited)",
				);
				INFOPLIST_FILE = HelloCocoaTests/Info.plist;
				LD_RUNPATH_SEARCH_PATHS = "$(inherited) @executable_path/Frameworks @loader_path/Frameworks";
				PRODUCT_NAME = "$(TARGET_NAME)";
				TEST_HOST = "$(BUILT_PRODUCTS_DIR)/HelloCocoa.app/HelloCocoa";
			};
			name = Debug;
		};
		5BC609DB1B2CB9AC002F162C /* Release */ = {
			isa = XCBuildConfiguration;
			buildSettings = {
				BUNDLE_LOADER = "$(TEST_HOST)";
				FRAMEWORK_SEARCH_PATHS = (
					"$(SDKROOT)/Developer/Library/Frameworks",
					"$(inherited)",
				);
				INFOPLIST_FILE = HelloCocoaTests/Info.plist;
				LD_RUNPATH_SEARCH_PATHS = "$(inherited) @executable_path/Frameworks @loader_path/Frameworks";
				PRODUCT_NAME = "$(TARGET_NAME)";
				TEST_HOST = "$(BUILT_PRODUCTS_DIR)/HelloCocoa.app/HelloCocoa";
			};
			name = Release;
		};
/* End XCBuildConfiguration section */

/* Begin XCConfigurationList section */
		5BC609B21B2CB9AC002F162C /* Build configuration list for PBXProject "HelloCocoa" */ = {
			isa = XCConfigurationList;
			buildConfigurations = (
				5BC609D41B2CB9AC002F162C /* Debug */,
				5BC609D51B2CB9AC002F162C /* Release */,
			);
			defaultConfigurationIsVisible = 0;
			defaultConfigurationName = Release;
		};
		5BC609D61B2CB9AC002F162C /* Build configuration list for PBXNativeTarget "HelloCocoa" */ = {
			isa = XCConfigurationList;
			buildConfigurations = (
				5BC609D71B2CB9AC002F162C /* Debug */,
				5BC609D81B2CB9AC002F162C /* Release */,
			);
			defaultConfigurationIsVisible = 0;
			defaultConfigurationName = Release;
		};
		5BC609D91B2CB9AC002F162C /* Build configuration list for PBXNativeTarget "HelloCocoaTests" */ = {
			isa = XCConfigurationList;
			buildConfigurations = (
				5BC609DA1B2CB9AC002F162C /* Debug */,
				5BC609DB1B2CB9AC002F162C /* Release */,
			);
			defaultConfigurationIsVisible = 0;
			defaultConfigurationName = Release;
		};
/* End XCConfigurationList section */
	};
	rootObject = 5BC609AF1B2CB9AC002F162C /* Project object */;
}
