// !$*UTF8*$!
{
	archiveVersion = 1;
	classes = {
	};
	objectVersion = 46;
	objects = {

/* Begin PBXBuildFile section */
		5B3576E51B3A1D390013482B /* AppDelegate.swift in Sources */ = {isa = PBXBuildFile; fileRef = 5B3576E41B3A1D390013482B /* AppDelegate.swift */; };
		5B3576E71B3A1D390013482B /* Images.xcassets in Resources */ = {isa = PBXBuildFile; fileRef = 5B3576E61B3A1D390013482B /* Images.xcassets */; };
		5B3576EA1B3A1D390013482B /* MainMenu.xib in Resources */ = {isa = PBXBuildFile; fileRef = 5B3576E81B3A1D390013482B /* MainMenu.xib */; };
		5B3576F61B3A1D390013482B /* NetworkingTests.swift in Sources */ = {isa = PBXBuildFile; fileRef = 5B3576F51B3A1D390013482B /* NetworkingTests.swift */; };
/* End PBXBuildFile section */

/* Begin PBXContainerItemProxy section */
		5B3576F01B3A1D390013482B /* PBXContainerItemProxy */ = {
			isa = PBXContainerItemProxy;
			containerPortal = 5B3576D71B3A1D390013482B /* Project object */;
			proxyType = 1;
			remoteGlobalIDString = 5B3576DE1B3A1D390013482B;
			remoteInfo = Networking;
		};
/* End PBXContainerItemProxy section */

/* Begin PBXFileReference section */
		5B3576DF1B3A1D390013482B /* Networking.app */ = {isa = PBXFileReference; explicitFileType = wrapper.application; includeInIndex = 0; path = Networking.app; sourceTree = BUILT_PRODUCTS_DIR; };
		5B3576E31B3A1D390013482B /* Info.plist */ = {isa = PBXFileReference; lastKnownFileType = text.plist.xml; path = Info.plist; sourceTree = "<group>"; };
		5B3576E41B3A1D390013482B /* AppDelegate.swift */ = {isa = PBXFileReference; lastKnownFileType = sourcecode.swift; path = AppDelegate.swift; sourceTree = "<group>"; };
		5B3576E61B3A1D390013482B /* Images.xcassets */ = {isa = PBXFileReference; lastKnownFileType = folder.assetcatalog; path = Images.xcassets; sourceTree = "<group>"; };
		5B3576E91B3A1D390013482B /* Base */ = {isa = PBXFileReference; lastKnownFileType = file.xib; name = Base; path = Base.lproj/MainMenu.xib; sourceTree = "<group>"; };
		5B3576EF1B3A1D390013482B /* NetworkingTests.xctest */ = {isa = PBXFileReference; explicitFileType = wrapper.cfbundle; includeInIndex = 0; path = NetworkingTests.xctest; sourceTree = BUILT_PRODUCTS_DIR; };
		5B3576F41B3A1D390013482B /* Info.plist */ = {isa = PBXFileReference; lastKnownFileType = text.plist.xml; path = Info.plist; sourceTree = "<group>"; };
		5B3576F51B3A1D390013482B /* NetworkingTests.swift */ = {isa = PBXFileReference; lastKnownFileType = sourcecode.swift; path = NetworkingTests.swift; sourceTree = "<group>"; };
/* End PBXFileReference section */

/* Begin PBXFrameworksBuildPhase section */
		5B3576DC1B3A1D390013482B /* Frameworks */ = {
			isa = PBXFrameworksBuildPhase;
			buildActionMask = 2147483647;
			files = (
			);
			runOnlyForDeploymentPostprocessing = 0;
		};
		5B3576EC1B3A1D390013482B /* Frameworks */ = {
			isa = PBXFrameworksBuildPhase;
			buildActionMask = 2147483647;
			files = (
			);
			runOnlyForDeploymentPostprocessing = 0;
		};
/* End PBXFrameworksBuildPhase section */

/* Begin PBXGroup section */
		5B3576D61B3A1D390013482B = {
			isa = PBXGroup;
			children = (
				5B3576E11B3A1D390013482B /* Networking */,
				5B3576F21B3A1D390013482B /* NetworkingTests */,
				5B3576E01B3A1D390013482B /* Products */,
			);
			sourceTree = "<group>";
		};
		5B3576E01B3A1D390013482B /* Products */ = {
			isa = PBXGroup;
			children = (
				5B3576DF1B3A1D390013482B /* Networking.app */,
				5B3576EF1B3A1D390013482B /* NetworkingTests.xctest */,
			);
			name = Products;
			sourceTree = "<group>";
		};
		5B3576E11B3A1D390013482B /* Networking */ = {
			isa = PBXGroup;
			children = (
				5B3576E41B3A1D390013482B /* AppDelegate.swift */,
				5B3576E61B3A1D390013482B /* Images.xcassets */,
				5B3576E81B3A1D390013482B /* MainMenu.xib */,
				5B3576E21B3A1D390013482B /* Supporting Files */,
			);
			path = Networking;
			sourceTree = "<group>";
		};
		5B3576E21B3A1D390013482B /* Supporting Files */ = {
			isa = PBXGroup;
			children = (
				5B3576E31B3A1D390013482B /* Info.plist */,
			);
			name = "Supporting Files";
			sourceTree = "<group>";
		};
		5B3576F21B3A1D390013482B /* NetworkingTests */ = {
			isa = PBXGroup;
			children = (
				5B3576F51B3A1D390013482B /* NetworkingTests.swift */,
				5B3576F31B3A1D390013482B /* Supporting Files */,
			);
			path = NetworkingTests;
			sourceTree = "<group>";
		};
		5B3576F31B3A1D390013482B /* Supporting Files */ = {
			isa = PBXGroup;
			children = (
				5B3576F41B3A1D390013482B /* Info.plist */,
			);
			name = "Supporting Files";
			sourceTree = "<group>";
		};
/* End PBXGroup section */

/* Begin PBXNativeTarget section */
		5B3576DE1B3A1D390013482B /* Networking */ = {
			isa = PBXNativeTarget;
			buildConfigurationList = 5B3576F91B3A1D390013482B /* Build configuration list for PBXNativeTarget "Networking" */;
			buildPhases = (
				5B3576DB1B3A1D390013482B /* Sources */,
				5B3576DC1B3A1D390013482B /* Frameworks */,
				5B3576DD1B3A1D390013482B /* Resources */,
			);
			buildRules = (
			);
			dependencies = (
			);
			name = Networking;
			productName = Networking;
			productReference = 5B3576DF1B3A1D390013482B /* Networking.app */;
			productType = "com.apple.product-type.application";
		};
		5B3576EE1B3A1D390013482B /* NetworkingTests */ = {
			isa = PBXNativeTarget;
			buildConfigurationList = 5B3576FC1B3A1D3A0013482B /* Build configuration list for PBXNativeTarget "NetworkingTests" */;
			buildPhases = (
				5B3576EB1B3A1D390013482B /* Sources */,
				5B3576EC1B3A1D390013482B /* Frameworks */,
				5B3576ED1B3A1D390013482B /* Resources */,
			);
			buildRules = (
			);
			dependencies = (
				5B3576F11B3A1D390013482B /* PBXTargetDependency */,
			);
			name = NetworkingTests;
			productName = NetworkingTests;
			productReference = 5B3576EF1B3A1D390013482B /* NetworkingTests.xctest */;
			productType = "com.apple.product-type.bundle.unit-test";
		};
/* End PBXNativeTarget section */

/* Begin PBXProject section */
		5B3576D71B3A1D390013482B /* Project object */ = {
			isa = PBXProject;
			attributes = {
				LastSwiftUpdateCheck = 0700;
				LastUpgradeCheck = 0630;
				ORGANIZATIONNAME = "Alastair McCann";
				TargetAttributes = {
					5B3576DE1B3A1D390013482B = {
						CreatedOnToolsVersion = 6.3.2;
					};
					5B3576EE1B3A1D390013482B = {
						CreatedOnToolsVersion = 6.3.2;
						TestTargetID = 5B3576DE1B3A1D390013482B;
					};
				};
			};
			buildConfigurationList = 5B3576DA1B3A1D390013482B /* Build configuration list for PBXProject "Networking" */;
			compatibilityVersion = "Xcode 3.2";
			developmentRegion = English;
			hasScannedForEncodings = 0;
			knownRegions = (
				en,
				Base,
			);
			mainGroup = 5B3576D61B3A1D390013482B;
			productRefGroup = 5B3576E01B3A1D390013482B /* Products */;
			projectDirPath = "";
			projectRoot = "";
			targets = (
				5B3576DE1B3A1D390013482B /* Networking */,
				5B3576EE1B3A1D390013482B /* NetworkingTests */,
			);
		};
/* End PBXProject section */

/* Begin PBXResourcesBuildPhase section */
		5B3576DD1B3A1D390013482B /* Resources */ = {
			isa = PBXResourcesBuildPhase;
			buildActionMask = 2147483647;
			files = (
				5B3576E71B3A1D390013482B /* Images.xcassets in Resources */,
				5B3576EA1B3A1D390013482B /* MainMenu.xib in Resources */,
			);
			runOnlyForDeploymentPostprocessing = 0;
		};
		5B3576ED1B3A1D390013482B /* Resources */ = {
			isa = PBXResourcesBuildPhase;
			buildActionMask = 2147483647;
			files = (
			);
			runOnlyForDeploymentPostprocessing = 0;
		};
/* End PBXResourcesBuildPhase section */

/* Begin PBXSourcesBuildPhase section */
		5B3576DB1B3A1D390013482B /* Sources */ = {
			isa = PBXSourcesBuildPhase;
			buildActionMask = 2147483647;
			files = (
				5B3576E51B3A1D390013482B /* AppDelegate.swift in Sources */,
			);
			runOnlyForDeploymentPostprocessing = 0;
		};
		5B3576EB1B3A1D390013482B /* Sources */ = {
			isa = PBXSourcesBuildPhase;
			buildActionMask = 2147483647;
			files = (
				5B3576F61B3A1D390013482B /* NetworkingTests.swift in Sources */,
			);
			runOnlyForDeploymentPostprocessing = 0;
		};
/* End PBXSourcesBuildPhase section */

/* Begin PBXTargetDependency section */
		5B3576F11B3A1D390013482B /* PBXTargetDependency */ = {
			isa = PBXTargetDependency;
			target = 5B3576DE1B3A1D390013482B /* Networking */;
			targetProxy = 5B3576F01B3A1D390013482B /* PBXContainerItemProxy */;
		};
/* End PBXTargetDependency section */

/* Begin PBXVariantGroup section */
		5B3576E81B3A1D390013482B /* MainMenu.xib */ = {
			isa = PBXVariantGroup;
			children = (
				5B3576E91B3A1D390013482B /* Base */,
			);
			name = MainMenu.xib;
			sourceTree = "<group>";
		};
/* End PBXVariantGroup section */

/* Begin XCBuildConfiguration section */
		5B3576F71B3A1D390013482B /* Debug */ = {
			isa = XCBuildConfiguration;
			buildSettings = {
				ALWAYS_SEARCH_USER_PATHS = NO;
				CLANG_CXX_LANGUAGE_STANDARD = "gnu++0x";
				CLANG_CXX_LIBRARY = "libc++";
				CLANG_ENABLE_MODULES = YES;
				CLANG_ENABLE_OBJC_ARC = YES;
				CLANG_WARN_BOOL_CONVERSION = YES;
				CLANG_WARN_CONSTANT_CONVERSION = YES;
				CLANG_WARN_DIRECT_OBJC_ISA_USAGE = YES_ERROR;
				CLANG_WARN_EMPTY_BODY = YES;
				CLANG_WARN_ENUM_CONVERSION = YES;
				CLANG_WARN_INT_CONVERSION = YES;
				CLANG_WARN_OBJC_ROOT_CLASS = YES_ERROR;
				CLANG_WARN_UNREACHABLE_CODE = YES;
				CLANG_WARN__DUPLICATE_METHOD_MATCH = YES;
				CODE_SIGN_IDENTITY = "-";
				COPY_PHASE_STRIP = NO;
				DEBUG_INFORMATION_FORMAT = dwarf;
				ENABLE_STRICT_OBJC_MSGSEND = YES;
				GCC_C_LANGUAGE_STANDARD = gnu99;
				GCC_DYNAMIC_NO_PIC = NO;
				GCC_NO_COMMON_BLOCKS = YES;
				GCC_OPTIMIZATION_LEVEL = 0;
				GCC_PREPROCESSOR_DEFINITIONS = (
					"DEBUG=1",
					"$(inherited)",
				);
				GCC_SYMBOLS_PRIVATE_EXTERN = NO;
				GCC_WARN_64_TO_32_BIT_CONVERSION = YES;
				GCC_WARN_ABOUT_RETURN_TYPE = YES_ERROR;
				GCC_WARN_UNDECLARED_SELECTOR = YES;
				GCC_WARN_UNINITIALIZED_AUTOS = YES_AGGRESSIVE;
				GCC_WARN_UNUSED_FUNCTION = YES;
				GCC_WARN_UNUSED_VARIABLE = YES;
				MACOSX_DEPLOYMENT_TARGET = 10.10;
				MTL_ENABLE_DEBUG_INFO = YES;
				ONLY_ACTIVE_ARCH = YES;
				SDKROOT = macosx;
				SWIFT_OPTIMIZATION_LEVEL = "-Onone";
			};
			name = Debug;
		};
		5B3576F81B3A1D390013482B /* Release */ = {
			isa = XCBuildConfiguration;
			buildSettings = {
				ALWAYS_SEARCH_USER_PATHS = NO;
				CLANG_CXX_LANGUAGE_STANDARD = "gnu++0x";
				CLANG_CXX_LIBRARY = "libc++";
				CLANG_ENABLE_MODULES = YES;
				CLANG_ENABLE_OBJC_ARC = YES;
				CLANG_WARN_BOOL_CONVERSION = YES;
				CLANG_WARN_CONSTANT_CONVERSION = YES;
				CLANG_WARN_DIRECT_OBJC_ISA_USAGE = YES_ERROR;
				CLANG_WARN_EMPTY_BODY = YES;
				CLANG_WARN_ENUM_CONVERSION = YES;
				CLANG_WARN_INT_CONVERSION = YES;
				CLANG_WARN_OBJC_ROOT_CLASS = YES_ERROR;
				CLANG_WARN_UNREACHABLE_CODE = YES;
				CLANG_WARN__DUPLICATE_METHOD_MATCH = YES;
				CODE_SIGN_IDENTITY = "-";
				COPY_PHASE_STRIP = NO;
				DEBUG_INFORMATION_FORMAT = "dwarf-with-dsym";
				ENABLE_NS_ASSERTIONS = NO;
				ENABLE_STRICT_OBJC_MSGSEND = YES;
				GCC_C_LANGUAGE_STANDARD = gnu99;
				GCC_NO_COMMON_BLOCKS = YES;
				GCC_WARN_64_TO_32_BIT_CONVERSION = YES;
				GCC_WARN_ABOUT_RETURN_TYPE = YES_ERROR;
				GCC_WARN_UNDECLARED_SELECTOR = YES;
				GCC_WARN_UNINITIALIZED_AUTOS = YES_AGGRESSIVE;
				GCC_WARN_UNUSED_FUNCTION = YES;
				GCC_WARN_UNUSED_VARIABLE = YES;
				MACOSX_DEPLOYMENT_TARGET = 10.10;
				MTL_ENABLE_DEBUG_INFO = NO;
				SDKROOT = macosx;
			};
			name = Release;
		};
		5B3576FA1B3A1D390013482B /* Debug */ = {
			isa = XCBuildConfiguration;
			buildSettings = {
				ASSETCATALOG_COMPILER_APPICON_NAME = AppIcon;
				COMBINE_HIDPI_IMAGES = YES;
				INFOPLIST_FILE = Networking/Info.plist;
				LD_RUNPATH_SEARCH_PATHS = "$(inherited) @executable_path/../Frameworks";
				PRODUCT_NAME = "$(TARGET_NAME)";
			};
			name = Debug;
		};
		5B3576FB1B3A1D390013482B /* Release */ = {
			isa = XCBuildConfiguration;
			buildSettings = {
				ASSETCATALOG_COMPILER_APPICON_NAME = AppIcon;
				COMBINE_HIDPI_IMAGES = YES;
				INFOPLIST_FILE = Networking/Info.plist;
				LD_RUNPATH_SEARCH_PATHS = "$(inherited) @executable_path/../Frameworks";
				PRODUCT_NAME = "$(TARGET_NAME)";
			};
			name = Release;
		};
		5B3576FD1B3A1D3A0013482B /* Debug */ = {
			isa = XCBuildConfiguration;
			buildSettings = {
				BUNDLE_LOADER = "$(TEST_HOST)";
				COMBINE_HIDPI_IMAGES = YES;
				FRAMEWORK_SEARCH_PATHS = (
					"$(DEVELOPER_FRAMEWORKS_DIR)",
					"$(inherited)",
				);
				GCC_PREPROCESSOR_DEFINITIONS = (
					"DEBUG=1",
					"$(inherited)",
				);
				INFOPLIST_FILE = NetworkingTests/Info.plist;
				LD_RUNPATH_SEARCH_PATHS = "$(inherited) @executable_path/../Frameworks @loader_path/../Frameworks";
				PRODUCT_NAME = "$(TARGET_NAME)";
				TEST_HOST = "$(BUILT_PRODUCTS_DIR)/Networking.app/Contents/MacOS/Networking";
			};
			name = Debug;
		};
		5B3576FE1B3A1D3A0013482B /* Release */ = {
			isa = XCBuildConfiguration;
			buildSettings = {
				BUNDLE_LOADER = "$(TEST_HOST)";
				COMBINE_HIDPI_IMAGES = YES;
				FRAMEWORK_SEARCH_PATHS = (
					"$(DEVELOPER_FRAMEWORKS_DIR)",
					"$(inherited)",
				);
				INFOPLIST_FILE = NetworkingTests/Info.plist;
				LD_RUNPATH_SEARCH_PATHS = "$(inherited) @executable_path/../Frameworks @loader_path/../Frameworks";
				PRODUCT_NAME = "$(TARGET_NAME)";
				TEST_HOST = "$(BUILT_PRODUCTS_DIR)/Networking.app/Contents/MacOS/Networking";
			};
			name = Release;
		};
/* End XCBuildConfiguration section */

/* Begin XCConfigurationList section */
		5B3576DA1B3A1D390013482B /* Build configuration list for PBXProject "Networking" */ = {
			isa = XCConfigurationList;
			buildConfigurations = (
				5B3576F71B3A1D390013482B /* Debug */,
				5B3576F81B3A1D390013482B /* Release */,
			);
			defaultConfigurationIsVisible = 0;
			defaultConfigurationName = Release;
		};
		5B3576F91B3A1D390013482B /* Build configuration list for PBXNativeTarget "Networking" */ = {
			isa = XCConfigurationList;
			buildConfigurations = (
				5B3576FA1B3A1D390013482B /* Debug */,
				5B3576FB1B3A1D390013482B /* Release */,
			);
			defaultConfigurationIsVisible = 0;
			defaultConfigurationName = Release;
		};
		5B3576FC1B3A1D3A0013482B /* Build configuration list for PBXNativeTarget "NetworkingTests" */ = {
			isa = XCConfigurationList;
			buildConfigurations = (
				5B3576FD1B3A1D3A0013482B /* Debug */,
				5B3576FE1B3A1D3A0013482B /* Release */,
			);
			defaultConfigurationIsVisible = 0;
			defaultConfigurationName = Release;
		};
/* End XCConfigurationList section */
	};
	rootObject = 5B3576D71B3A1D390013482B /* Project object */;
}
